
Microsoft Visual Studio Solution File, Format Version 12.00
# Visual Studio Version 17
VisualStudioVersion = 17.0.31919.166
MinimumVisualStudioVersion = 10.0.40219.1
Project("{FAE04EC0-301F-11D3-BF4B-00C04F79EFBC}") = "Hesap_Makinesi", "Hesap_Makinesi\Hesap_Makinesi.csproj", "{57A30B0C-CFEC-43C1-A6BA-22C02C520AC1}"
EndProject
Global
	GlobalSection(SolutionConfigurationPlatforms) = preSolution
		Debug|Any CPU = Debug|Any CPU
		Release|Any CPU = Release|Any CPU
	EndGlobalSection
	GlobalSection(ProjectConfigurationPlatforms) = postSolution
		{57A30B0C-CFEC-43C1-A6BA-22C02C520AC1}.Debug|Any CPU.ActiveCfg = Debug|Any CPU
		{57A30B0C-CFEC-43C1-A6BA-22C02C520AC1}.Debug|Any CPU.Build.0 = Debug|Any CPU
		{57A30B0C-CFEC-43C1-A6BA-22C02C520AC1}.Release|Any CPU.ActiveCfg = Release|Any CPU
		{57A30B0C-CFEC-43C1-A6BA-22C02C520AC1}.Release|Any CPU.Build.0 = Release|Any CPU
	EndGlobalSection
	GlobalSection(SolutionProperties) = preSolution
		HideSolutionNode = FALSE
	EndGlobalSection
	GlobalSection(ExtensibilityGlobals) = postSolution
		SolutionGuid = {013BD87F-3081-47B6-B683-B54432956561}
	EndGlobalSection
EndGlobal
